
Microsoft Visual Studio Solution File, Format Version 12.00
# Visual Studio Version 17
VisualStudioVersion = 17.2.32616.157
MinimumVisualStudioVersion = 10.0.40219.1
Project("{FAE04EC0-301F-11D3-BF4B-00C04F79EFBC}") = "Api", "Api\Api.csproj", "{CFD18094-A2D8-44E1-8DA9-E8275583CA37}"
EndProject
Global
	GlobalSection(SolutionConfigurationPlatforms) = preSolution
		Debug|Any CPU = Debug|Any CPU
		Release|Any CPU = Release|Any CPU
	EndGlobalSection
	GlobalSection(ProjectConfigurationPlatforms) = postSolution
		{CFD18094-A2D8-44E1-8DA9-E8275583CA37}.Debug|Any CPU.ActiveCfg = Debug|Any CPU
		{CFD18094-A2D8-44E1-8DA9-E8275583CA37}.Debug|Any CPU.Build.0 = Debug|Any CPU
		{CFD18094-A2D8-44E1-8DA9-E8275583CA37}.Release|Any CPU.ActiveCfg = Release|Any CPU
		{CFD18094-A2D8-44E1-8DA9-E8275583CA37}.Release|Any CPU.Build.0 = Release|Any CPU
	EndGlobalSection
	GlobalSection(SolutionProperties) = preSolution
		HideSolutionNode = FALSE
	EndGlobalSection
	GlobalSection(ExtensibilityGlobals) = postSolution
		SolutionGuid = {F7FFE183-A554-4D4F-B98F-A757DA9287BC}
	EndGlobalSection
EndGlobal
